
Microsoft Visual Studio Solution File, Format Version 12.00
# Visual Studio Version 17
VisualStudioVersion = 17.4.33103.184
MinimumVisualStudioVersion = 10.0.40219.1
Project("{FAE04EC0-301F-11D3-BF4B-00C04F79EFBC}") = "LoginMiddleware", "LoginMiddleware\LoginMiddleware.csproj", "{7098B231-217B-422A-9BD2-0521A0503C05}"
EndProject
Global
	GlobalSection(SolutionConfigurationPlatforms) = preSolution
		Debug|Any CPU = Debug|Any CPU
		Release|Any CPU = Release|Any CPU
	EndGlobalSection
	GlobalSection(ProjectConfigurationPlatforms) = postSolution
		{7098B231-217B-422A-9BD2-0521A0503C05}.Debug|Any CPU.ActiveCfg = Debug|Any CPU
		{7098B231-217B-422A-9BD2-0521A0503C05}.Debug|Any CPU.Build.0 = Debug|Any CPU
		{7098B231-217B-422A-9BD2-0521A0503C05}.Release|Any CPU.ActiveCfg = Release|Any CPU
		{7098B231-217B-422A-9BD2-0521A0503C05}.Release|Any CPU.Build.0 = Release|Any CPU
	EndGlobalSection
	GlobalSection(SolutionProperties) = preSolution
		HideSolutionNode = FALSE
	EndGlobalSection
	GlobalSection(ExtensibilityGlobals) = postSolution
		SolutionGuid = {EDFBF99E-FB06-407A-B44B-E7B4F51432F3}
	EndGlobalSection
EndGlobal
