
Microsoft Visual Studio Solution File, Format Version 12.00
# Visual Studio Version 17
VisualStudioVersion = 17.4.33103.184
MinimumVisualStudioVersion = 10.0.40219.1
Project("{FAE04EC0-301F-11D3-BF4B-00C04F79EFBC}") = "HTTPWEB", "HTTPWEB\HTTPWEB.csproj", "{478E6861-CF11-4117-8279-6B46AB7CBA4C}"
EndProject
Global
	GlobalSection(SolutionConfigurationPlatforms) = preSolution
		Debug|Any CPU = Debug|Any CPU
		Release|Any CPU = Release|Any CPU
	EndGlobalSection
	GlobalSection(ProjectConfigurationPlatforms) = postSolution
		{478E6861-CF11-4117-8279-6B46AB7CBA4C}.Debug|Any CPU.ActiveCfg = Debug|Any CPU
		{478E6861-CF11-4117-8279-6B46AB7CBA4C}.Debug|Any CPU.Build.0 = Debug|Any CPU
		{478E6861-CF11-4117-8279-6B46AB7CBA4C}.Release|Any CPU.ActiveCfg = Release|Any CPU
		{478E6861-CF11-4117-8279-6B46AB7CBA4C}.Release|Any CPU.Build.0 = Release|Any CPU
	EndGlobalSection
	GlobalSection(SolutionProperties) = preSolution
		HideSolutionNode = FALSE
	EndGlobalSection
	GlobalSection(ExtensibilityGlobals) = postSolution
		SolutionGuid = {1D7DFB1D-0785-4C20-B750-14A9D58557DB}
	EndGlobalSection
EndGlobal
